
Microsoft Visual Studio Solution File, Format Version 12.00
# Visual Studio Version 17
VisualStudioVersion = 17.1.32210.238
MinimumVisualStudioVersion = 10.0.40219.1
Project("{FAE04EC0-301F-11D3-BF4B-00C04F79EFBC}") = "Container.Lib", "TypeEContainer.Lib\Container.Lib.csproj", "{1E02C1A5-C89D-4085-8DA6-692D94F90483}"
EndProject
Project("{FAE04EC0-301F-11D3-BF4B-00C04F79EFBC}") = "Container.Tests", "TypeEContainer.Test\Container.Tests.csproj", "{819BD2D0-8E86-4D6E-AAF0-9EA0A010CFA9}"
	ProjectSection(ProjectDependencies) = postProject
		{1E02C1A5-C89D-4085-8DA6-692D94F90483} = {1E02C1A5-C89D-4085-8DA6-692D94F90483}
	EndProjectSection
EndProject
Global
	GlobalSection(SolutionConfigurationPlatforms) = preSolution
		Debug|Any CPU = Debug|Any CPU
		Release|Any CPU = Release|Any CPU
	EndGlobalSection
	GlobalSection(ProjectConfigurationPlatforms) = postSolution
		{1E02C1A5-C89D-4085-8DA6-692D94F90483}.Debug|Any CPU.ActiveCfg = Debug|Any CPU
		{1E02C1A5-C89D-4085-8DA6-692D94F90483}.Debug|Any CPU.Build.0 = Debug|Any CPU
		{1E02C1A5-C89D-4085-8DA6-692D94F90483}.Release|Any CPU.ActiveCfg = Release|Any CPU
		{1E02C1A5-C89D-4085-8DA6-692D94F90483}.Release|Any CPU.Build.0 = Release|Any CPU
		{819BD2D0-8E86-4D6E-AAF0-9EA0A010CFA9}.Debug|Any CPU.ActiveCfg = Debug|Any CPU
		{819BD2D0-8E86-4D6E-AAF0-9EA0A010CFA9}.Debug|Any CPU.Build.0 = Debug|Any CPU
		{819BD2D0-8E86-4D6E-AAF0-9EA0A010CFA9}.Release|Any CPU.ActiveCfg = Release|Any CPU
		{819BD2D0-8E86-4D6E-AAF0-9EA0A010CFA9}.Release|Any CPU.Build.0 = Release|Any CPU
	EndGlobalSection
	GlobalSection(SolutionProperties) = preSolution
		HideSolutionNode = FALSE
	EndGlobalSection
	GlobalSection(ExtensibilityGlobals) = postSolution
		SolutionGuid = {A708D664-3970-448D-819C-3975442492AD}
	EndGlobalSection
EndGlobal
